
Microsoft Visual Studio Solution File, Format Version 12.00
# Visual Studio Version 17
VisualStudioVersion = 17.13.35806.99 d17.13
MinimumVisualStudioVersion = 10.0.40219.1
Project("{FAE04EC0-301F-11D3-BF4B-00C04F79EFBC}") = "xadrez-console", "xadrez-console\xadrez-console.csproj", "{5CB4740A-9B99-4BBE-BE4A-190A70F942D6}"
EndProject
Global
	GlobalSection(SolutionConfigurationPlatforms) = preSolution
		Debug|Any CPU = Debug|Any CPU
		Release|Any CPU = Release|Any CPU
	EndGlobalSection
	GlobalSection(ProjectConfigurationPlatforms) = postSolution
		{5CB4740A-9B99-4BBE-BE4A-190A70F942D6}.Debug|Any CPU.ActiveCfg = Debug|Any CPU
		{5CB4740A-9B99-4BBE-BE4A-190A70F942D6}.Debug|Any CPU.Build.0 = Debug|Any CPU
		{5CB4740A-9B99-4BBE-BE4A-190A70F942D6}.Release|Any CPU.ActiveCfg = Release|Any CPU
		{5CB4740A-9B99-4BBE-BE4A-190A70F942D6}.Release|Any CPU.Build.0 = Release|Any CPU
	EndGlobalSection
	GlobalSection(SolutionProperties) = preSolution
		HideSolutionNode = FALSE
	EndGlobalSection
	GlobalSection(ExtensibilityGlobals) = postSolution
		SolutionGuid = {4076E60B-5F49-4E5B-93B1-BFCC18E23EA9}
	EndGlobalSection
EndGlobal
